
Microsoft Visual Studio Solution File, Format Version 12.00
# Visual Studio Version 16
VisualStudioVersion = 16.0.30320.27
MinimumVisualStudioVersion = 10.0.40219.1
Project("{2150E333-8FDC-42A3-9474-1A3956D46DE8}") = "Microservices", "Microservices", "{9BB4DB16-0921-49E0-80CB-D39FA6F50DDD}"
EndProject
Project("{2150E333-8FDC-42A3-9474-1A3956D46DE8}") = "Domain", "Domain", "{EAF7D0D3-A5E8-4BCE-A0C4-4F69B352CC85}"
EndProject
Project("{2150E333-8FDC-42A3-9474-1A3956D46DE8}") = "Infra.Bus", "Infra.Bus", "{838F0164-26EB-45BA-B954-424A32F8785F}"
EndProject
Project("{2150E333-8FDC-42A3-9474-1A3956D46DE8}") = "Infra.IoC", "Infra.IoC", "{F83123B2-B91C-4E1D-91C4-84E581C1340B}"
EndProject
Project("{2150E333-8FDC-42A3-9474-1A3956D46DE8}") = "Presentation", "Presentation", "{64B6D84B-9555-4664-86DB-F9B89EB70AFE}"
EndProject
Project("{FAE04EC0-301F-11D3-BF4B-00C04F79EFBC}") = "MicroRabbit.Domain.Core", "MicroRabbit.Domain.Core\MicroRabbit.Domain.Core.csproj", "{0B8BD0B2-87FA-41E5-8629-5043BB4979B8}"
EndProject
Project("{FAE04EC0-301F-11D3-BF4B-00C04F79EFBC}") = "MicroRabbit.Infra.Bus", "MicroRabbit.Infra.Bus\MicroRabbit.Infra.Bus.csproj", "{9608A070-A33B-4055-A4E3-BC08B4E8AED8}"
EndProject
Project("{FAE04EC0-301F-11D3-BF4B-00C04F79EFBC}") = "MicroRabbit.Infra.IoC", "MicroRabbit.Infra.IoC\MicroRabbit.Infra.IoC.csproj", "{32B006BC-AD20-4538-8FA9-0DA0F31779D2}"
EndProject
Project("{2150E333-8FDC-42A3-9474-1A3956D46DE8}") = "Banking", "Banking", "{C2160534-48B5-4110-BC41-DEBD3DD8B3BD}"
EndProject
Project("{2150E333-8FDC-42A3-9474-1A3956D46DE8}") = "Api", "Api", "{920B9598-87E0-40A5-82A1-0562DEBE1AF8}"
EndProject
Project("{2150E333-8FDC-42A3-9474-1A3956D46DE8}") = "Domain", "Domain", "{7A5427F5-9740-47F4-92A5-D4718F54E07C}"
EndProject
Project("{2150E333-8FDC-42A3-9474-1A3956D46DE8}") = "Application", "Application", "{0E83200A-EAB2-4D1C-ABF6-D73A2098562B}"
EndProject
Project("{2150E333-8FDC-42A3-9474-1A3956D46DE8}") = "Data", "Data", "{BF369968-E4C1-4C4D-8CEB-50C09D2D9813}"
EndProject
Project("{FAE04EC0-301F-11D3-BF4B-00C04F79EFBC}") = "MicroRabbit.Banking.Api", "MicroRabbit.Banking.Api\MicroRabbit.Banking.Api.csproj", "{EE0B5398-6F5A-4830-8039-DD727469DD2A}"
EndProject
Project("{FAE04EC0-301F-11D3-BF4B-00C04F79EFBC}") = "MicroRabbit.Banking.Application", "MicroRabbit.Banking.Application\MicroRabbit.Banking.Application.csproj", "{40551A0A-8131-4BC7-BF9B-9D3630B4D902}"
EndProject
Project("{FAE04EC0-301F-11D3-BF4B-00C04F79EFBC}") = "MicroRabbit.Banking.Data", "MicroRabbit.Banking.Data\MicroRabbit.Banking.Data.csproj", "{7781674E-2955-45C2-AB82-DB2EA04F5342}"
EndProject
Project("{FAE04EC0-301F-11D3-BF4B-00C04F79EFBC}") = "MicroRabbit.Banking.Domain", "MicroRabbit.Banking.Domain\MicroRabbit.Banking.Domain.csproj", "{CADA3F0A-7EB6-4495-8369-6484ADDC7341}"
EndProject
Project("{2150E333-8FDC-42A3-9474-1A3956D46DE8}") = "Transfer", "Transfer", "{6DD631A9-4F85-42F7-BA08-16CDF6B47F10}"
EndProject
Project("{2150E333-8FDC-42A3-9474-1A3956D46DE8}") = "Api", "Api", "{7BBBB3DF-D318-452D-93E0-55CBFCADCD5D}"
EndProject
Project("{2150E333-8FDC-42A3-9474-1A3956D46DE8}") = "Application", "Application", "{9FA65FC2-4A72-4AD6-AB0C-90C7FB7DB294}"
EndProject
Project("{2150E333-8FDC-42A3-9474-1A3956D46DE8}") = "Data", "Data", "{8687448C-66B0-4AE4-949F-1B765A77ABEE}"
EndProject
Project("{2150E333-8FDC-42A3-9474-1A3956D46DE8}") = "Domain", "Domain", "{31B64C3A-BDC0-4706-927C-31F26C0FA5AF}"
EndProject
Project("{FAE04EC0-301F-11D3-BF4B-00C04F79EFBC}") = "MicroRabbit.Transfer.Api", "MicroRabbit.Transfer.Api\MicroRabbit.Transfer.Api.csproj", "{3077DB6F-F056-4C49-8FE6-903B905B093A}"
EndProject
Project("{FAE04EC0-301F-11D3-BF4B-00C04F79EFBC}") = "MicroRabbit.Transfer.Application", "MicroRabbit.Transfer.Application\MicroRabbit.Transfer.Application.csproj", "{E2756C4B-5F6D-47CC-98D0-D03297E449A8}"
EndProject
Project("{FAE04EC0-301F-11D3-BF4B-00C04F79EFBC}") = "MicroRabbit.Transfer.Data", "MicroRabbit.Transfer.Data\MicroRabbit.Transfer.Data.csproj", "{AF6C60CB-A812-440B-A004-9E9FB51672FD}"
EndProject
Project("{FAE04EC0-301F-11D3-BF4B-00C04F79EFBC}") = "MicroRabbit.Transfer.Domain", "MicroRabbit.Transfer.Domain\MicroRabbit.Transfer.Domain.csproj", "{FB75BF54-6BEF-462E-A4B7-9D386927E6E1}"
EndProject
Global
	GlobalSection(SolutionConfigurationPlatforms) = preSolution
		Debug|Any CPU = Debug|Any CPU
		Release|Any CPU = Release|Any CPU
	EndGlobalSection
	GlobalSection(ProjectConfigurationPlatforms) = postSolution
		{0B8BD0B2-87FA-41E5-8629-5043BB4979B8}.Debug|Any CPU.ActiveCfg = Debug|Any CPU
		{0B8BD0B2-87FA-41E5-8629-5043BB4979B8}.Debug|Any CPU.Build.0 = Debug|Any CPU
		{0B8BD0B2-87FA-41E5-8629-5043BB4979B8}.Release|Any CPU.ActiveCfg = Release|Any CPU
		{0B8BD0B2-87FA-41E5-8629-5043BB4979B8}.Release|Any CPU.Build.0 = Release|Any CPU
		{9608A070-A33B-4055-A4E3-BC08B4E8AED8}.Debug|Any CPU.ActiveCfg = Debug|Any CPU
		{9608A070-A33B-4055-A4E3-BC08B4E8AED8}.Debug|Any CPU.Build.0 = Debug|Any CPU
		{9608A070-A33B-4055-A4E3-BC08B4E8AED8}.Release|Any CPU.ActiveCfg = Release|Any CPU
		{9608A070-A33B-4055-A4E3-BC08B4E8AED8}.Release|Any CPU.Build.0 = Release|Any CPU
		{32B006BC-AD20-4538-8FA9-0DA0F31779D2}.Debug|Any CPU.ActiveCfg = Debug|Any CPU
		{32B006BC-AD20-4538-8FA9-0DA0F31779D2}.Debug|Any CPU.Build.0 = Debug|Any CPU
		{32B006BC-AD20-4538-8FA9-0DA0F31779D2}.Release|Any CPU.ActiveCfg = Release|Any CPU
		{32B006BC-AD20-4538-8FA9-0DA0F31779D2}.Release|Any CPU.Build.0 = Release|Any CPU
		{EE0B5398-6F5A-4830-8039-DD727469DD2A}.Debug|Any CPU.ActiveCfg = Debug|Any CPU
		{EE0B5398-6F5A-4830-8039-DD727469DD2A}.Debug|Any CPU.Build.0 = Debug|Any CPU
		{EE0B5398-6F5A-4830-8039-DD727469DD2A}.Release|Any CPU.ActiveCfg = Release|Any CPU
		{EE0B5398-6F5A-4830-8039-DD727469DD2A}.Release|Any CPU.Build.0 = Release|Any CPU
		{40551A0A-8131-4BC7-BF9B-9D3630B4D902}.Debug|Any CPU.ActiveCfg = Debug|Any CPU
		{40551A0A-8131-4BC7-BF9B-9D3630B4D902}.Debug|Any CPU.Build.0 = Debug|Any CPU
		{40551A0A-8131-4BC7-BF9B-9D3630B4D902}.Release|Any CPU.ActiveCfg = Release|Any CPU
		{40551A0A-8131-4BC7-BF9B-9D3630B4D902}.Release|Any CPU.Build.0 = Release|Any CPU
		{7781674E-2955-45C2-AB82-DB2EA04F5342}.Debug|Any CPU.ActiveCfg = Debug|Any CPU
		{7781674E-2955-45C2-AB82-DB2EA04F5342}.Debug|Any CPU.Build.0 = Debug|Any CPU
		{7781674E-2955-45C2-AB82-DB2EA04F5342}.Release|Any CPU.ActiveCfg = Release|Any CPU
		{7781674E-2955-45C2-AB82-DB2EA04F5342}.Release|Any CPU.Build.0 = Release|Any CPU
		{CADA3F0A-7EB6-4495-8369-6484ADDC7341}.Debug|Any CPU.ActiveCfg = Debug|Any CPU
		{CADA3F0A-7EB6-4495-8369-6484ADDC7341}.Debug|Any CPU.Build.0 = Debug|Any CPU
		{CADA3F0A-7EB6-4495-8369-6484ADDC7341}.Release|Any CPU.ActiveCfg = Release|Any CPU
		{CADA3F0A-7EB6-4495-8369-6484ADDC7341}.Release|Any CPU.Build.0 = Release|Any CPU
		{3077DB6F-F056-4C49-8FE6-903B905B093A}.Debug|Any CPU.ActiveCfg = Debug|Any CPU
		{3077DB6F-F056-4C49-8FE6-903B905B093A}.Debug|Any CPU.Build.0 = Debug|Any CPU
		{3077DB6F-F056-4C49-8FE6-903B905B093A}.Release|Any CPU.ActiveCfg = Release|Any CPU
		{3077DB6F-F056-4C49-8FE6-903B905B093A}.Release|Any CPU.Build.0 = Release|Any CPU
		{E2756C4B-5F6D-47CC-98D0-D03297E449A8}.Debug|Any CPU.ActiveCfg = Debug|Any CPU
		{E2756C4B-5F6D-47CC-98D0-D03297E449A8}.Debug|Any CPU.Build.0 = Debug|Any CPU
		{E2756C4B-5F6D-47CC-98D0-D03297E449A8}.Release|Any CPU.ActiveCfg = Release|Any CPU
		{E2756C4B-5F6D-47CC-98D0-D03297E449A8}.Release|Any CPU.Build.0 = Release|Any CPU
		{AF6C60CB-A812-440B-A004-9E9FB51672FD}.Debug|Any CPU.ActiveCfg = Debug|Any CPU
		{AF6C60CB-A812-440B-A004-9E9FB51672FD}.Debug|Any CPU.Build.0 = Debug|Any CPU
		{AF6C60CB-A812-440B-A004-9E9FB51672FD}.Release|Any CPU.ActiveCfg = Release|Any CPU
		{AF6C60CB-A812-440B-A004-9E9FB51672FD}.Release|Any CPU.Build.0 = Release|Any CPU
		{FB75BF54-6BEF-462E-A4B7-9D386927E6E1}.Debug|Any CPU.ActiveCfg = Debug|Any CPU
		{FB75BF54-6BEF-462E-A4B7-9D386927E6E1}.Debug|Any CPU.Build.0 = Debug|Any CPU
		{FB75BF54-6BEF-462E-A4B7-9D386927E6E1}.Release|Any CPU.ActiveCfg = Release|Any CPU
		{FB75BF54-6BEF-462E-A4B7-9D386927E6E1}.Release|Any CPU.Build.0 = Release|Any CPU
	EndGlobalSection
	GlobalSection(SolutionProperties) = preSolution
		HideSolutionNode = FALSE
	EndGlobalSection
	GlobalSection(NestedProjects) = preSolution
		{0B8BD0B2-87FA-41E5-8629-5043BB4979B8} = {EAF7D0D3-A5E8-4BCE-A0C4-4F69B352CC85}
		{9608A070-A33B-4055-A4E3-BC08B4E8AED8} = {838F0164-26EB-45BA-B954-424A32F8785F}
		{32B006BC-AD20-4538-8FA9-0DA0F31779D2} = {F83123B2-B91C-4E1D-91C4-84E581C1340B}
		{C2160534-48B5-4110-BC41-DEBD3DD8B3BD} = {9BB4DB16-0921-49E0-80CB-D39FA6F50DDD}
		{920B9598-87E0-40A5-82A1-0562DEBE1AF8} = {C2160534-48B5-4110-BC41-DEBD3DD8B3BD}
		{7A5427F5-9740-47F4-92A5-D4718F54E07C} = {C2160534-48B5-4110-BC41-DEBD3DD8B3BD}
		{0E83200A-EAB2-4D1C-ABF6-D73A2098562B} = {C2160534-48B5-4110-BC41-DEBD3DD8B3BD}
		{BF369968-E4C1-4C4D-8CEB-50C09D2D9813} = {C2160534-48B5-4110-BC41-DEBD3DD8B3BD}
		{EE0B5398-6F5A-4830-8039-DD727469DD2A} = {920B9598-87E0-40A5-82A1-0562DEBE1AF8}
		{40551A0A-8131-4BC7-BF9B-9D3630B4D902} = {0E83200A-EAB2-4D1C-ABF6-D73A2098562B}
		{7781674E-2955-45C2-AB82-DB2EA04F5342} = {BF369968-E4C1-4C4D-8CEB-50C09D2D9813}
		{CADA3F0A-7EB6-4495-8369-6484ADDC7341} = {7A5427F5-9740-47F4-92A5-D4718F54E07C}
		{6DD631A9-4F85-42F7-BA08-16CDF6B47F10} = {9BB4DB16-0921-49E0-80CB-D39FA6F50DDD}
		{7BBBB3DF-D318-452D-93E0-55CBFCADCD5D} = {6DD631A9-4F85-42F7-BA08-16CDF6B47F10}
		{9FA65FC2-4A72-4AD6-AB0C-90C7FB7DB294} = {6DD631A9-4F85-42F7-BA08-16CDF6B47F10}
		{8687448C-66B0-4AE4-949F-1B765A77ABEE} = {6DD631A9-4F85-42F7-BA08-16CDF6B47F10}
		{31B64C3A-BDC0-4706-927C-31F26C0FA5AF} = {6DD631A9-4F85-42F7-BA08-16CDF6B47F10}
		{3077DB6F-F056-4C49-8FE6-903B905B093A} = {7BBBB3DF-D318-452D-93E0-55CBFCADCD5D}
		{E2756C4B-5F6D-47CC-98D0-D03297E449A8} = {9FA65FC2-4A72-4AD6-AB0C-90C7FB7DB294}
		{AF6C60CB-A812-440B-A004-9E9FB51672FD} = {8687448C-66B0-4AE4-949F-1B765A77ABEE}
		{FB75BF54-6BEF-462E-A4B7-9D386927E6E1} = {31B64C3A-BDC0-4706-927C-31F26C0FA5AF}
	EndGlobalSection
	GlobalSection(ExtensibilityGlobals) = postSolution
		SolutionGuid = {E4589B26-CAE4-4202-A786-1D3B13DAD6F8}
	EndGlobalSection
EndGlobal
